
Microsoft Visual Studio Solution File, Format Version 12.00
# Visual Studio Version 16
VisualStudioVersion = 16.0.30320.27
MinimumVisualStudioVersion = 10.0.40219.1
Project("{9A19103F-16F7-4668-BE54-9A1E7A4F7556}") = "SecurityAlertSNS", "SecurityAlertSNS.csproj", "{125C2687-2B95-4449-8087-1B7E398AFBD0}"
EndProject
Global
	GlobalSection(SolutionConfigurationPlatforms) = preSolution
		Debug|Any CPU = Debug|Any CPU
		Release|Any CPU = Release|Any CPU
	EndGlobalSection
	GlobalSection(ProjectConfigurationPlatforms) = postSolution
		{125C2687-2B95-4449-8087-1B7E398AFBD0}.Debug|Any CPU.ActiveCfg = Debug|Any CPU
		{125C2687-2B95-4449-8087-1B7E398AFBD0}.Debug|Any CPU.Build.0 = Debug|Any CPU
		{125C2687-2B95-4449-8087-1B7E398AFBD0}.Release|Any CPU.ActiveCfg = Release|Any CPU
		{125C2687-2B95-4449-8087-1B7E398AFBD0}.Release|Any CPU.Build.0 = Release|Any CPU
	EndGlobalSection
	GlobalSection(SolutionProperties) = preSolution
		HideSolutionNode = FALSE
	EndGlobalSection
	GlobalSection(ExtensibilityGlobals) = postSolution
		SolutionGuid = {4D0D3E7F-AD85-42FD-BC11-ECB0017DA0F1}
	EndGlobalSection
EndGlobal
